
Microsoft Visual Studio Solution File, Format Version 12.00
# Visual Studio Version 16
VisualStudioVersion = 16.0.30011.22
MinimumVisualStudioVersion = 10.0.40219.1
Project("{8BC9CEB8-8B4A-11D0-8D11-00A0C91BC942}") = "ocgcore", "ocgcore\ocgcore.vcxproj", "{63635A2D-8303-46F7-8C8B-D1C36655F820}"
	ProjectSection(ProjectDependencies) = postProject
		{C7DFD3BA-8990-4312-A454-FCCADB81218B} = {C7DFD3BA-8990-4312-A454-FCCADB81218B}
	EndProjectSection
EndProject
Project("{8BC9CEB8-8B4A-11D0-8D11-00A0C91BC942}") = "lua", "lua\lua.vcxproj", "{C7DFD3BA-8990-4312-A454-FCCADB81218B}"
EndProject
Global
	GlobalSection(SolutionConfigurationPlatforms) = preSolution
		Release|x64 = Release|x64
	EndGlobalSection
	GlobalSection(ProjectConfigurationPlatforms) = postSolution
		{63635A2D-8303-46F7-8C8B-D1C36655F820}.Release|x64.ActiveCfg = Release|x64
		{63635A2D-8303-46F7-8C8B-D1C36655F820}.Release|x64.Build.0 = Release|x64
		{C7DFD3BA-8990-4312-A454-FCCADB81218B}.Release|x64.ActiveCfg = Release|x64
		{C7DFD3BA-8990-4312-A454-FCCADB81218B}.Release|x64.Build.0 = Release|x64
	EndGlobalSection
	GlobalSection(SolutionProperties) = preSolution
		HideSolutionNode = FALSE
	EndGlobalSection
	GlobalSection(ExtensibilityGlobals) = postSolution
		SolutionGuid = {6B0513E2-BC41-4C0B-91E8-E596BD9336CF}
	EndGlobalSection
EndGlobal
